
Microsoft Visual Studio Solution File, Format Version 12.00
# Visual Studio Version 17
VisualStudioVersion = 17.2.32616.157
MinimumVisualStudioVersion = 10.0.40219.1
Project("{9A19103F-16F7-4668-BE54-9A1E7A4F7556}") = "PokemonStatsReporter", "src\PokemonStatsReporter.csproj", "{3EEC0AE6-2F4A-4D12-B4C6-578D3DCD0F40}"
EndProject
Global
	GlobalSection(SolutionConfigurationPlatforms) = preSolution
		Debug|Any CPU = Debug|Any CPU
		Release|Any CPU = Release|Any CPU
	EndGlobalSection
	GlobalSection(ProjectConfigurationPlatforms) = postSolution
		{3EEC0AE6-2F4A-4D12-B4C6-578D3DCD0F40}.Debug|Any CPU.ActiveCfg = Debug|Any CPU
		{3EEC0AE6-2F4A-4D12-B4C6-578D3DCD0F40}.Debug|Any CPU.Build.0 = Debug|Any CPU
		{3EEC0AE6-2F4A-4D12-B4C6-578D3DCD0F40}.Release|Any CPU.ActiveCfg = Release|Any CPU
		{3EEC0AE6-2F4A-4D12-B4C6-578D3DCD0F40}.Release|Any CPU.Build.0 = Release|Any CPU
	EndGlobalSection
	GlobalSection(SolutionProperties) = preSolution
		HideSolutionNode = FALSE
	EndGlobalSection
	GlobalSection(ExtensibilityGlobals) = postSolution
		SolutionGuid = {2B8BAFAA-4018-4029-ACE4-4D35089FC4CB}
	EndGlobalSection
EndGlobal
